
Microsoft Visual Studio Solution File, Format Version 12.00
# Visual Studio Version 17
VisualStudioVersion = 17.3.32811.315
MinimumVisualStudioVersion = 10.0.40219.1
Project("{9A19103F-16F7-4668-BE54-9A1E7A4F7556}") = "Handyman_Api", "..\Handyman_Api\Handyman_Api.csproj", "{A65E2F91-965E-4D52-AA1D-5BB13A3F47CB}"
EndProject
Project("{9A19103F-16F7-4668-BE54-9A1E7A4F7556}") = "Handyman-SP-UI", "..\Handyman-SP-UI\Handyman-SP-UI.csproj", "{A92C4986-DF18-4D09-B662-A9A99359B8D5}"
EndProject
Project("{9A19103F-16F7-4668-BE54-9A1E7A4F7556}") = "HandymanUILibrary", "..\HandymanUILibrary\HandymanUILibrary.csproj", "{A09FA960-2FFA-42A5-A560-FDEE3371FDFB}"
EndProject
Project("{9A19103F-16F7-4668-BE54-9A1E7A4F7556}") = "HandymanProviderLibrary", "..\HandymanProviderLibrary\HandymanProviderLibrary.csproj", "{8F8F33E6-0025-444B-8E36-07842ACA4D91}"
EndProject
Project("{9A19103F-16F7-4668-BE54-9A1E7A4F7556}") = "Handyman_DataLibrary", "..\Handyman_DataLibrary\Handyman_DataLibrary.csproj", "{153717DA-99F0-495C-AF96-AF9F398FFC5E}"
EndProject
Project("{2150E333-8FDC-42A3-9474-1A3956D46DE8}") = "API", "API", "{6C42ABB7-4B60-438A-9A4B-D83E1B3C0B90}"
EndProject
Project("{2150E333-8FDC-42A3-9474-1A3956D46DE8}") = "UI", "UI", "{C7117AEE-BB79-496D-BEE4-0C0C171FFAC6}"
EndProject
Project("{2150E333-8FDC-42A3-9474-1A3956D46DE8}") = "DB", "DB", "{B71D0463-43DA-4788-9096-5964222ABD89}"
EndProject
Project("{00D1A9C2-B5F0-4AF3-8072-F6C62B433612}") = "Handyman_DB", "..\Handyman_DB\Handyman_DB.sqlproj", "{F35AD620-A691-4D10-ABE4-EEA50B25FDC4}"
EndProject
Project("{9A19103F-16F7-4668-BE54-9A1E7A4F7556}") = "Handymen-UI-Consumer", "..\Handymen-UI-Consumer\Handymen-UI-Consumer.csproj", "{AABC8473-BD80-41B8-9CDF-500581B7FC2C}"
EndProject
Project("{2150E333-8FDC-42A3-9474-1A3956D46DE8}") = "Provider", "Provider", "{236CD9D9-C673-4702-AD80-614BD0A94E2D}"
EndProject
Project("{2150E333-8FDC-42A3-9474-1A3956D46DE8}") = "Consumer", "Consumer", "{EA413171-340E-41F7-8F75-BA98ED7CF252}"
EndProject
Global
	GlobalSection(SolutionConfigurationPlatforms) = preSolution
		Debug|Any CPU = Debug|Any CPU
		Release|Any CPU = Release|Any CPU
	EndGlobalSection
	GlobalSection(ProjectConfigurationPlatforms) = postSolution
		{A65E2F91-965E-4D52-AA1D-5BB13A3F47CB}.Debug|Any CPU.ActiveCfg = Debug|Any CPU
		{A65E2F91-965E-4D52-AA1D-5BB13A3F47CB}.Debug|Any CPU.Build.0 = Debug|Any CPU
		{A65E2F91-965E-4D52-AA1D-5BB13A3F47CB}.Release|Any CPU.ActiveCfg = Release|Any CPU
		{A65E2F91-965E-4D52-AA1D-5BB13A3F47CB}.Release|Any CPU.Build.0 = Release|Any CPU
		{A92C4986-DF18-4D09-B662-A9A99359B8D5}.Debug|Any CPU.ActiveCfg = Debug|Any CPU
		{A92C4986-DF18-4D09-B662-A9A99359B8D5}.Debug|Any CPU.Build.0 = Debug|Any CPU
		{A92C4986-DF18-4D09-B662-A9A99359B8D5}.Release|Any CPU.ActiveCfg = Release|Any CPU
		{A92C4986-DF18-4D09-B662-A9A99359B8D5}.Release|Any CPU.Build.0 = Release|Any CPU
		{A09FA960-2FFA-42A5-A560-FDEE3371FDFB}.Debug|Any CPU.ActiveCfg = Debug|Any CPU
		{A09FA960-2FFA-42A5-A560-FDEE3371FDFB}.Debug|Any CPU.Build.0 = Debug|Any CPU
		{A09FA960-2FFA-42A5-A560-FDEE3371FDFB}.Release|Any CPU.ActiveCfg = Release|Any CPU
		{A09FA960-2FFA-42A5-A560-FDEE3371FDFB}.Release|Any CPU.Build.0 = Release|Any CPU
		{8F8F33E6-0025-444B-8E36-07842ACA4D91}.Debug|Any CPU.ActiveCfg = Debug|Any CPU
		{8F8F33E6-0025-444B-8E36-07842ACA4D91}.Debug|Any CPU.Build.0 = Debug|Any CPU
		{8F8F33E6-0025-444B-8E36-07842ACA4D91}.Release|Any CPU.ActiveCfg = Release|Any CPU
		{8F8F33E6-0025-444B-8E36-07842ACA4D91}.Release|Any CPU.Build.0 = Release|Any CPU
		{153717DA-99F0-495C-AF96-AF9F398FFC5E}.Debug|Any CPU.ActiveCfg = Debug|Any CPU
		{153717DA-99F0-495C-AF96-AF9F398FFC5E}.Debug|Any CPU.Build.0 = Debug|Any CPU
		{153717DA-99F0-495C-AF96-AF9F398FFC5E}.Release|Any CPU.ActiveCfg = Release|Any CPU
		{153717DA-99F0-495C-AF96-AF9F398FFC5E}.Release|Any CPU.Build.0 = Release|Any CPU
		{F35AD620-A691-4D10-ABE4-EEA50B25FDC4}.Debug|Any CPU.ActiveCfg = Debug|Any CPU
		{F35AD620-A691-4D10-ABE4-EEA50B25FDC4}.Debug|Any CPU.Build.0 = Debug|Any CPU
		{F35AD620-A691-4D10-ABE4-EEA50B25FDC4}.Debug|Any CPU.Deploy.0 = Debug|Any CPU
		{F35AD620-A691-4D10-ABE4-EEA50B25FDC4}.Release|Any CPU.ActiveCfg = Release|Any CPU
		{F35AD620-A691-4D10-ABE4-EEA50B25FDC4}.Release|Any CPU.Build.0 = Release|Any CPU
		{F35AD620-A691-4D10-ABE4-EEA50B25FDC4}.Release|Any CPU.Deploy.0 = Release|Any CPU
		{AABC8473-BD80-41B8-9CDF-500581B7FC2C}.Debug|Any CPU.ActiveCfg = Debug|Any CPU
		{AABC8473-BD80-41B8-9CDF-500581B7FC2C}.Debug|Any CPU.Build.0 = Debug|Any CPU
		{AABC8473-BD80-41B8-9CDF-500581B7FC2C}.Release|Any CPU.ActiveCfg = Release|Any CPU
		{AABC8473-BD80-41B8-9CDF-500581B7FC2C}.Release|Any CPU.Build.0 = Release|Any CPU
	EndGlobalSection
	GlobalSection(SolutionProperties) = preSolution
		HideSolutionNode = FALSE
	EndGlobalSection
	GlobalSection(NestedProjects) = preSolution
		{A65E2F91-965E-4D52-AA1D-5BB13A3F47CB} = {6C42ABB7-4B60-438A-9A4B-D83E1B3C0B90}
		{A92C4986-DF18-4D09-B662-A9A99359B8D5} = {236CD9D9-C673-4702-AD80-614BD0A94E2D}
		{A09FA960-2FFA-42A5-A560-FDEE3371FDFB} = {EA413171-340E-41F7-8F75-BA98ED7CF252}
		{8F8F33E6-0025-444B-8E36-07842ACA4D91} = {236CD9D9-C673-4702-AD80-614BD0A94E2D}
		{153717DA-99F0-495C-AF96-AF9F398FFC5E} = {6C42ABB7-4B60-438A-9A4B-D83E1B3C0B90}
		{F35AD620-A691-4D10-ABE4-EEA50B25FDC4} = {B71D0463-43DA-4788-9096-5964222ABD89}
		{AABC8473-BD80-41B8-9CDF-500581B7FC2C} = {EA413171-340E-41F7-8F75-BA98ED7CF252}
		{236CD9D9-C673-4702-AD80-614BD0A94E2D} = {C7117AEE-BB79-496D-BEE4-0C0C171FFAC6}
		{EA413171-340E-41F7-8F75-BA98ED7CF252} = {C7117AEE-BB79-496D-BEE4-0C0C171FFAC6}
	EndGlobalSection
	GlobalSection(ExtensibilityGlobals) = postSolution
		SolutionGuid = {6A13B265-4ABE-4920-B862-FF82273B17C3}
	EndGlobalSection
EndGlobal
