
Microsoft Visual Studio Solution File, Format Version 12.00
# Visual Studio Version 17
VisualStudioVersion = 17.2.32616.157
MinimumVisualStudioVersion = 10.0.40219.1
Project("{00D1A9C2-B5F0-4AF3-8072-F6C62B433612}") = "HandymanDB", "HandymanDB\HandymanDB.sqlproj", "{76BFD8A1-C899-48A8-8995-DA8707E1AAD1}"
EndProject
Project("{FAE04EC0-301F-11D3-BF4B-00C04F79EFBC}") = "HandymanAPI", "HandymanAPI\HandymanAPI.csproj", "{B2AA8EF6-0509-4C98-906A-428B50159EF7}"
EndProject
Project("{FAE04EC0-301F-11D3-BF4B-00C04F79EFBC}") = "HandymanDataLibrary", "HandymanDataLibray\HandymanDataLibrary.csproj", "{84D8A002-571A-4CEB-BC33-A566BD410195}"
EndProject
Project("{9A19103F-16F7-4668-BE54-9A1E7A4F7556}") = "HandymanUILibrary", "HandymanUILibrary\HandymanUILibrary.csproj", "{AECFF5A7-61EC-46F3-9826-0AE9B43E12FB}"
EndProject
Project("{2150E333-8FDC-42A3-9474-1A3956D46DE8}") = "Api", "Api", "{25A2DA20-751E-47FD-A8A5-566D79BCC86B}"
EndProject
Project("{2150E333-8FDC-42A3-9474-1A3956D46DE8}") = "UI-Provider", "UI-Provider", "{602873C1-E288-4E80-82CF-4476F0DA5097}"
EndProject
Project("{2150E333-8FDC-42A3-9474-1A3956D46DE8}") = "DB", "DB", "{4128607C-2F4E-4140-8E9B-F64CCB476A47}"
EndProject
Project("{9A19103F-16F7-4668-BE54-9A1E7A4F7556}") = "HandymanUIApp", "HandymanUIApp\HandymanUIApp.csproj", "{CDC0E4CB-03BD-46B1-A31D-8DDB656B0E92}"
EndProject
Project("{2150E333-8FDC-42A3-9474-1A3956D46DE8}") = "UI-Consumer", "UI-Consumer", "{B7BD0881-3404-433A-9CA7-56DDB5C5B8E4}"
EndProject
Project("{9A19103F-16F7-4668-BE54-9A1E7A4F7556}") = "HandymanProvideUI", "HandymanProvideUI\HandymanProvideUI.csproj", "{50D8BAF4-955D-4F1C-9BF7-747EC326DE4A}"
EndProject
Project("{9A19103F-16F7-4668-BE54-9A1E7A4F7556}") = "HandymanProviderLibrary", "HandymanProviderLibrary\HandymanProviderLibrary.csproj", "{01D9ECB9-CA99-41BB-BF69-05E0C1CDD874}"
EndProject
Project("{2150E333-8FDC-42A3-9474-1A3956D46DE8}") = "UI-Web", "UI-Web", "{0E5ED1C2-3AB3-4B52-BFFD-2D69B080260B}"
EndProject
Project("{2150E333-8FDC-42A3-9474-1A3956D46DE8}") = "UI", "UI", "{5EA75F13-C269-412B-A920-2CDFEF32ECB1}"
EndProject
Project("{9A19103F-16F7-4668-BE54-9A1E7A4F7556}") = "Handymen-UI-Consumer", "Handymen-UI-Consumer\Handymen-UI-Consumer.csproj", "{FCABE9C1-08AC-42F3-86DE-DE94D7BC06DD}"
EndProject
Global
	GlobalSection(SolutionConfigurationPlatforms) = preSolution
		Debug|Any CPU = Debug|Any CPU
		Release|Any CPU = Release|Any CPU
	EndGlobalSection
	GlobalSection(ProjectConfigurationPlatforms) = postSolution
		{76BFD8A1-C899-48A8-8995-DA8707E1AAD1}.Debug|Any CPU.ActiveCfg = Debug|Any CPU
		{76BFD8A1-C899-48A8-8995-DA8707E1AAD1}.Debug|Any CPU.Build.0 = Debug|Any CPU
		{76BFD8A1-C899-48A8-8995-DA8707E1AAD1}.Debug|Any CPU.Deploy.0 = Debug|Any CPU
		{76BFD8A1-C899-48A8-8995-DA8707E1AAD1}.Release|Any CPU.ActiveCfg = Release|Any CPU
		{76BFD8A1-C899-48A8-8995-DA8707E1AAD1}.Release|Any CPU.Build.0 = Release|Any CPU
		{76BFD8A1-C899-48A8-8995-DA8707E1AAD1}.Release|Any CPU.Deploy.0 = Release|Any CPU
		{B2AA8EF6-0509-4C98-906A-428B50159EF7}.Debug|Any CPU.ActiveCfg = Debug|Any CPU
		{B2AA8EF6-0509-4C98-906A-428B50159EF7}.Debug|Any CPU.Build.0 = Debug|Any CPU
		{B2AA8EF6-0509-4C98-906A-428B50159EF7}.Release|Any CPU.ActiveCfg = Release|Any CPU
		{B2AA8EF6-0509-4C98-906A-428B50159EF7}.Release|Any CPU.Build.0 = Release|Any CPU
		{84D8A002-571A-4CEB-BC33-A566BD410195}.Debug|Any CPU.ActiveCfg = Debug|Any CPU
		{84D8A002-571A-4CEB-BC33-A566BD410195}.Debug|Any CPU.Build.0 = Debug|Any CPU
		{84D8A002-571A-4CEB-BC33-A566BD410195}.Release|Any CPU.ActiveCfg = Release|Any CPU
		{84D8A002-571A-4CEB-BC33-A566BD410195}.Release|Any CPU.Build.0 = Release|Any CPU
		{AECFF5A7-61EC-46F3-9826-0AE9B43E12FB}.Debug|Any CPU.ActiveCfg = Debug|Any CPU
		{AECFF5A7-61EC-46F3-9826-0AE9B43E12FB}.Debug|Any CPU.Build.0 = Debug|Any CPU
		{AECFF5A7-61EC-46F3-9826-0AE9B43E12FB}.Release|Any CPU.ActiveCfg = Release|Any CPU
		{AECFF5A7-61EC-46F3-9826-0AE9B43E12FB}.Release|Any CPU.Build.0 = Release|Any CPU
		{CDC0E4CB-03BD-46B1-A31D-8DDB656B0E92}.Debug|Any CPU.ActiveCfg = Debug|Any CPU
		{CDC0E4CB-03BD-46B1-A31D-8DDB656B0E92}.Debug|Any CPU.Build.0 = Debug|Any CPU
		{CDC0E4CB-03BD-46B1-A31D-8DDB656B0E92}.Release|Any CPU.ActiveCfg = Release|Any CPU
		{CDC0E4CB-03BD-46B1-A31D-8DDB656B0E92}.Release|Any CPU.Build.0 = Release|Any CPU
		{50D8BAF4-955D-4F1C-9BF7-747EC326DE4A}.Debug|Any CPU.ActiveCfg = Debug|Any CPU
		{50D8BAF4-955D-4F1C-9BF7-747EC326DE4A}.Debug|Any CPU.Build.0 = Debug|Any CPU
		{50D8BAF4-955D-4F1C-9BF7-747EC326DE4A}.Release|Any CPU.ActiveCfg = Release|Any CPU
		{50D8BAF4-955D-4F1C-9BF7-747EC326DE4A}.Release|Any CPU.Build.0 = Release|Any CPU
		{01D9ECB9-CA99-41BB-BF69-05E0C1CDD874}.Debug|Any CPU.ActiveCfg = Debug|Any CPU
		{01D9ECB9-CA99-41BB-BF69-05E0C1CDD874}.Debug|Any CPU.Build.0 = Debug|Any CPU
		{01D9ECB9-CA99-41BB-BF69-05E0C1CDD874}.Release|Any CPU.ActiveCfg = Release|Any CPU
		{01D9ECB9-CA99-41BB-BF69-05E0C1CDD874}.Release|Any CPU.Build.0 = Release|Any CPU
		{FCABE9C1-08AC-42F3-86DE-DE94D7BC06DD}.Debug|Any CPU.ActiveCfg = Debug|Any CPU
		{FCABE9C1-08AC-42F3-86DE-DE94D7BC06DD}.Debug|Any CPU.Build.0 = Debug|Any CPU
		{FCABE9C1-08AC-42F3-86DE-DE94D7BC06DD}.Release|Any CPU.ActiveCfg = Release|Any CPU
		{FCABE9C1-08AC-42F3-86DE-DE94D7BC06DD}.Release|Any CPU.Build.0 = Release|Any CPU
	EndGlobalSection
	GlobalSection(SolutionProperties) = preSolution
		HideSolutionNode = FALSE
	EndGlobalSection
	GlobalSection(NestedProjects) = preSolution
		{76BFD8A1-C899-48A8-8995-DA8707E1AAD1} = {4128607C-2F4E-4140-8E9B-F64CCB476A47}
		{B2AA8EF6-0509-4C98-906A-428B50159EF7} = {25A2DA20-751E-47FD-A8A5-566D79BCC86B}
		{84D8A002-571A-4CEB-BC33-A566BD410195} = {25A2DA20-751E-47FD-A8A5-566D79BCC86B}
		{AECFF5A7-61EC-46F3-9826-0AE9B43E12FB} = {B7BD0881-3404-433A-9CA7-56DDB5C5B8E4}
		{602873C1-E288-4E80-82CF-4476F0DA5097} = {0E5ED1C2-3AB3-4B52-BFFD-2D69B080260B}
		{CDC0E4CB-03BD-46B1-A31D-8DDB656B0E92} = {B7BD0881-3404-433A-9CA7-56DDB5C5B8E4}
		{B7BD0881-3404-433A-9CA7-56DDB5C5B8E4} = {0E5ED1C2-3AB3-4B52-BFFD-2D69B080260B}
		{50D8BAF4-955D-4F1C-9BF7-747EC326DE4A} = {602873C1-E288-4E80-82CF-4476F0DA5097}
		{01D9ECB9-CA99-41BB-BF69-05E0C1CDD874} = {602873C1-E288-4E80-82CF-4476F0DA5097}
		{0E5ED1C2-3AB3-4B52-BFFD-2D69B080260B} = {5EA75F13-C269-412B-A920-2CDFEF32ECB1}
		{FCABE9C1-08AC-42F3-86DE-DE94D7BC06DD} = {B7BD0881-3404-433A-9CA7-56DDB5C5B8E4}
	EndGlobalSection
	GlobalSection(ExtensibilityGlobals) = postSolution
		SolutionGuid = {9CE7BC51-6CF4-496B-8C0C-3627C4C48F8D}
		EnterpriseLibraryConfigurationToolBinariesPath = packages\Unity.2.1.505.0\lib\NET35
	EndGlobalSection
EndGlobal
